
Microsoft Visual Studio Solution File, Format Version 12.00
# Visual Studio Version 17
VisualStudioVersion = 17.9.34728.123
MinimumVisualStudioVersion = 10.0.40219.1
Project("{FAE04EC0-301F-11D3-BF4B-00C04F79EFBC}") = "Api", "Api\Api.csproj", "{71D46827-3741-43CE-9C78-07AC05DD606D}"
EndProject
Project("{FAE04EC0-301F-11D3-BF4B-00C04F79EFBC}") = "Web", "Web\Web.csproj", "{5309E923-FFBC-41B8-8B15-95064301881F}"
EndProject
Global
	GlobalSection(SolutionConfigurationPlatforms) = preSolution
		Debug|Any CPU = Debug|Any CPU
		Release|Any CPU = Release|Any CPU
	EndGlobalSection
	GlobalSection(ProjectConfigurationPlatforms) = postSolution
		{71D46827-3741-43CE-9C78-07AC05DD606D}.Debug|Any CPU.ActiveCfg = Debug|Any CPU
		{71D46827-3741-43CE-9C78-07AC05DD606D}.Debug|Any CPU.Build.0 = Debug|Any CPU
		{71D46827-3741-43CE-9C78-07AC05DD606D}.Release|Any CPU.ActiveCfg = Release|Any CPU
		{71D46827-3741-43CE-9C78-07AC05DD606D}.Release|Any CPU.Build.0 = Release|Any CPU
		{5309E923-FFBC-41B8-8B15-95064301881F}.Debug|Any CPU.ActiveCfg = Debug|Any CPU
		{5309E923-FFBC-41B8-8B15-95064301881F}.Debug|Any CPU.Build.0 = Debug|Any CPU
		{5309E923-FFBC-41B8-8B15-95064301881F}.Release|Any CPU.ActiveCfg = Release|Any CPU
		{5309E923-FFBC-41B8-8B15-95064301881F}.Release|Any CPU.Build.0 = Release|Any CPU
	EndGlobalSection
	GlobalSection(SolutionProperties) = preSolution
		HideSolutionNode = FALSE
	EndGlobalSection
	GlobalSection(ExtensibilityGlobals) = postSolution
		SolutionGuid = {8C183453-AFC4-4A68-ADE0-CC1B6C37D4FE}
	EndGlobalSection
EndGlobal
